
Microsoft Visual Studio Solution File, Format Version 12.00
Project("{FAE04EC0-301F-11D3-BF4B-00C04F79EFBC}") = "GNumerics", "GNumerics\GNumerics.csproj", "{2A8F761F-0F6A-47C4-8570-8E4CE75FBF24}"
EndProject
Project("{FAE04EC0-301F-11D3-BF4B-00C04F79EFBC}") = "GNumerics.Test", "GNumerics.Test\GNumerics.Test.csproj", "{F319B15F-7622-466F-AF43-8EC6E84F0F0F}"
EndProject
Project("{FAE04EC0-301F-11D3-BF4B-00C04F79EFBC}") = "GNumerics.Benchmark", "GNumerics.Benchmark\GNumerics.Benchmark.csproj", "{4718EAF8-1BED-419F-BF0C-03C208591A32}"
EndProject
Project("{FAE04EC0-301F-11D3-BF4B-00C04F79EFBC}") = "GMath", "GMath\GMath.csproj", "{D01ABC20-C1F0-42DE-8362-0137FA7E1F12}"
EndProject
Project("{FAE04EC0-301F-11D3-BF4B-00C04F79EFBC}") = "SeaWarMath", "SeaWarMath\SeaWarMath.csproj", "{AB32F9C6-D76B-401F-9B5D-AD799E920EC6}"
EndProject
Global
	GlobalSection(SolutionConfigurationPlatforms) = preSolution
		Debug|Any CPU = Debug|Any CPU
		Release|Any CPU = Release|Any CPU
	EndGlobalSection
	GlobalSection(ProjectConfigurationPlatforms) = postSolution
		{2A8F761F-0F6A-47C4-8570-8E4CE75FBF24}.Debug|Any CPU.ActiveCfg = Debug|Any CPU
		{2A8F761F-0F6A-47C4-8570-8E4CE75FBF24}.Debug|Any CPU.Build.0 = Debug|Any CPU
		{2A8F761F-0F6A-47C4-8570-8E4CE75FBF24}.Release|Any CPU.ActiveCfg = Release|Any CPU
		{2A8F761F-0F6A-47C4-8570-8E4CE75FBF24}.Release|Any CPU.Build.0 = Release|Any CPU
		{F319B15F-7622-466F-AF43-8EC6E84F0F0F}.Debug|Any CPU.ActiveCfg = Debug|Any CPU
		{F319B15F-7622-466F-AF43-8EC6E84F0F0F}.Debug|Any CPU.Build.0 = Debug|Any CPU
		{F319B15F-7622-466F-AF43-8EC6E84F0F0F}.Release|Any CPU.ActiveCfg = Release|Any CPU
		{F319B15F-7622-466F-AF43-8EC6E84F0F0F}.Release|Any CPU.Build.0 = Release|Any CPU
		{4718EAF8-1BED-419F-BF0C-03C208591A32}.Debug|Any CPU.ActiveCfg = Debug|Any CPU
		{4718EAF8-1BED-419F-BF0C-03C208591A32}.Debug|Any CPU.Build.0 = Debug|Any CPU
		{4718EAF8-1BED-419F-BF0C-03C208591A32}.Release|Any CPU.ActiveCfg = Release|Any CPU
		{4718EAF8-1BED-419F-BF0C-03C208591A32}.Release|Any CPU.Build.0 = Release|Any CPU
		{D01ABC20-C1F0-42DE-8362-0137FA7E1F12}.Debug|Any CPU.ActiveCfg = Debug|Any CPU
		{D01ABC20-C1F0-42DE-8362-0137FA7E1F12}.Debug|Any CPU.Build.0 = Debug|Any CPU
		{D01ABC20-C1F0-42DE-8362-0137FA7E1F12}.Release|Any CPU.ActiveCfg = Release|Any CPU
		{D01ABC20-C1F0-42DE-8362-0137FA7E1F12}.Release|Any CPU.Build.0 = Release|Any CPU
		{AB32F9C6-D76B-401F-9B5D-AD799E920EC6}.Debug|Any CPU.ActiveCfg = Debug|Any CPU
		{AB32F9C6-D76B-401F-9B5D-AD799E920EC6}.Debug|Any CPU.Build.0 = Debug|Any CPU
		{AB32F9C6-D76B-401F-9B5D-AD799E920EC6}.Release|Any CPU.ActiveCfg = Release|Any CPU
		{AB32F9C6-D76B-401F-9B5D-AD799E920EC6}.Release|Any CPU.Build.0 = Release|Any CPU
	EndGlobalSection
EndGlobal
